
Microsoft Visual Studio Solution File, Format Version 12.00
# Visual Studio Version 16
VisualStudioVersion = 16.0.29905.134
MinimumVisualStudioVersion = 10.0.40219.1
Project("{FAE04EC0-301F-11D3-BF4B-00C04F79EFBC}") = "App1.UWP", "App1\App1.UWP\App1.UWP.csproj", "{866DEA25-B185-4775-9A88-D7C57597BEE2}"
EndProject
Project("{FAE04EC0-301F-11D3-BF4B-00C04F79EFBC}") = "App1.Android", "App1\App1.Android\App1.Android.csproj", "{E81A745F-9DDE-4809-91EB-7824967BF026}"
EndProject
Project("{FAE04EC0-301F-11D3-BF4B-00C04F79EFBC}") = "App1.iOS", "App1\App1.iOS\App1.iOS.csproj", "{C73282AE-CA9F-4460-B6C1-17B58846712B}"
EndProject
Project("{FAE04EC0-301F-11D3-BF4B-00C04F79EFBC}") = "App1", "App1\App1\App1.csproj", "{E246E56B-2DC4-42A5-9780-7F00F1EB898A}"
EndProject
Global
	GlobalSection(SolutionConfigurationPlatforms) = preSolution
		Debug|Any CPU = Debug|Any CPU
		Debug|ARM = Debug|ARM
		Debug|iPhone = Debug|iPhone
		Debug|iPhoneSimulator = Debug|iPhoneSimulator
		Debug|x64 = Debug|x64
		Debug|x86 = Debug|x86
		Release|Any CPU = Release|Any CPU
		Release|ARM = Release|ARM
		Release|iPhone = Release|iPhone
		Release|iPhoneSimulator = Release|iPhoneSimulator
		Release|x64 = Release|x64
		Release|x86 = Release|x86
	EndGlobalSection
	GlobalSection(ProjectConfigurationPlatforms) = postSolution
		{866DEA25-B185-4775-9A88-D7C57597BEE2}.Debug|Any CPU.ActiveCfg = Debug|x86
		{866DEA25-B185-4775-9A88-D7C57597BEE2}.Debug|Any CPU.Build.0 = Debug|x86
		{866DEA25-B185-4775-9A88-D7C57597BEE2}.Debug|Any CPU.Deploy.0 = Debug|x86
		{866DEA25-B185-4775-9A88-D7C57597BEE2}.Debug|ARM.ActiveCfg = Debug|ARM
		{866DEA25-B185-4775-9A88-D7C57597BEE2}.Debug|ARM.Build.0 = Debug|ARM
		{866DEA25-B185-4775-9A88-D7C57597BEE2}.Debug|ARM.Deploy.0 = Debug|ARM
		{866DEA25-B185-4775-9A88-D7C57597BEE2}.Debug|iPhone.ActiveCfg = Debug|x86
		{866DEA25-B185-4775-9A88-D7C57597BEE2}.Debug|iPhone.Build.0 = Debug|x86
		{866DEA25-B185-4775-9A88-D7C57597BEE2}.Debug|iPhone.Deploy.0 = Debug|x86
		{866DEA25-B185-4775-9A88-D7C57597BEE2}.Debug|iPhoneSimulator.ActiveCfg = Debug|x86
		{866DEA25-B185-4775-9A88-D7C57597BEE2}.Debug|iPhoneSimulator.Build.0 = Debug|x86
		{866DEA25-B185-4775-9A88-D7C57597BEE2}.Debug|iPhoneSimulator.Deploy.0 = Debug|x86
		{866DEA25-B185-4775-9A88-D7C57597BEE2}.Debug|x64.ActiveCfg = Debug|x64
		{866DEA25-B185-4775-9A88-D7C57597BEE2}.Debug|x64.Build.0 = Debug|x64
		{866DEA25-B185-4775-9A88-D7C57597BEE2}.Debug|x64.Deploy.0 = Debug|x64
		{866DEA25-B185-4775-9A88-D7C57597BEE2}.Debug|x86.ActiveCfg = Debug|x86
		{866DEA25-B185-4775-9A88-D7C57597BEE2}.Debug|x86.Build.0 = Debug|x86
		{866DEA25-B185-4775-9A88-D7C57597BEE2}.Debug|x86.Deploy.0 = Debug|x86
		{866DEA25-B185-4775-9A88-D7C57597BEE2}.Release|Any CPU.ActiveCfg = Release|x86
		{866DEA25-B185-4775-9A88-D7C57597BEE2}.Release|Any CPU.Build.0 = Release|x86
		{866DEA25-B185-4775-9A88-D7C57597BEE2}.Release|Any CPU.Deploy.0 = Release|x86
		{866DEA25-B185-4775-9A88-D7C57597BEE2}.Release|ARM.ActiveCfg = Release|ARM
		{866DEA25-B185-4775-9A88-D7C57597BEE2}.Release|ARM.Build.0 = Release|ARM
		{866DEA25-B185-4775-9A88-D7C57597BEE2}.Release|ARM.Deploy.0 = Release|ARM
		{866DEA25-B185-4775-9A88-D7C57597BEE2}.Release|iPhone.ActiveCfg = Release|x86
		{866DEA25-B185-4775-9A88-D7C57597BEE2}.Release|iPhone.Build.0 = Release|x86
		{866DEA25-B185-4775-9A88-D7C57597BEE2}.Release|iPhone.Deploy.0 = Release|x86
		{866DEA25-B185-4775-9A88-D7C57597BEE2}.Release|iPhoneSimulator.ActiveCfg = Release|x86
		{866DEA25-B185-4775-9A88-D7C57597BEE2}.Release|iPhoneSimulator.Build.0 = Release|x86
		{866DEA25-B185-4775-9A88-D7C57597BEE2}.Release|iPhoneSimulator.Deploy.0 = Release|x86
		{866DEA25-B185-4775-9A88-D7C57597BEE2}.Release|x64.ActiveCfg = Release|x64
		{866DEA25-B185-4775-9A88-D7C57597BEE2}.Release|x64.Build.0 = Release|x64
		{866DEA25-B185-4775-9A88-D7C57597BEE2}.Release|x64.Deploy.0 = Release|x64
		{866DEA25-B185-4775-9A88-D7C57597BEE2}.Release|x86.ActiveCfg = Release|x86
		{866DEA25-B185-4775-9A88-D7C57597BEE2}.Release|x86.Build.0 = Release|x86
		{866DEA25-B185-4775-9A88-D7C57597BEE2}.Release|x86.Deploy.0 = Release|x86
		{E81A745F-9DDE-4809-91EB-7824967BF026}.Debug|Any CPU.ActiveCfg = Debug|Any CPU
		{E81A745F-9DDE-4809-91EB-7824967BF026}.Debug|Any CPU.Build.0 = Debug|Any CPU
		{E81A745F-9DDE-4809-91EB-7824967BF026}.Debug|Any CPU.Deploy.0 = Debug|Any CPU
		{E81A745F-9DDE-4809-91EB-7824967BF026}.Debug|ARM.ActiveCfg = Debug|Any CPU
		{E81A745F-9DDE-4809-91EB-7824967BF026}.Debug|ARM.Build.0 = Debug|Any CPU
		{E81A745F-9DDE-4809-91EB-7824967BF026}.Debug|ARM.Deploy.0 = Debug|Any CPU
		{E81A745F-9DDE-4809-91EB-7824967BF026}.Debug|iPhone.ActiveCfg = Debug|Any CPU
		{E81A745F-9DDE-4809-91EB-7824967BF026}.Debug|iPhone.Build.0 = Debug|Any CPU
		{E81A745F-9DDE-4809-91EB-7824967BF026}.Debug|iPhone.Deploy.0 = Debug|Any CPU
		{E81A745F-9DDE-4809-91EB-7824967BF026}.Debug|iPhoneSimulator.ActiveCfg = Debug|Any CPU
		{E81A745F-9DDE-4809-91EB-7824967BF026}.Debug|iPhoneSimulator.Build.0 = Debug|Any CPU
		{E81A745F-9DDE-4809-91EB-7824967BF026}.Debug|iPhoneSimulator.Deploy.0 = Debug|Any CPU
		{E81A745F-9DDE-4809-91EB-7824967BF026}.Debug|x64.ActiveCfg = Debug|Any CPU
		{E81A745F-9DDE-4809-91EB-7824967BF026}.Debug|x64.Build.0 = Debug|Any CPU
		{E81A745F-9DDE-4809-91EB-7824967BF026}.Debug|x64.Deploy.0 = Debug|Any CPU
		{E81A745F-9DDE-4809-91EB-7824967BF026}.Debug|x86.ActiveCfg = Debug|Any CPU
		{E81A745F-9DDE-4809-91EB-7824967BF026}.Debug|x86.Build.0 = Debug|Any CPU
		{E81A745F-9DDE-4809-91EB-7824967BF026}.Debug|x86.Deploy.0 = Debug|Any CPU
		{E81A745F-9DDE-4809-91EB-7824967BF026}.Release|Any CPU.ActiveCfg = Release|Any CPU
		{E81A745F-9DDE-4809-91EB-7824967BF026}.Release|Any CPU.Build.0 = Release|Any CPU
		{E81A745F-9DDE-4809-91EB-7824967BF026}.Release|Any CPU.Deploy.0 = Release|Any CPU
		{E81A745F-9DDE-4809-91EB-7824967BF026}.Release|ARM.ActiveCfg = Release|Any CPU
		{E81A745F-9DDE-4809-91EB-7824967BF026}.Release|ARM.Build.0 = Release|Any CPU
		{E81A745F-9DDE-4809-91EB-7824967BF026}.Release|ARM.Deploy.0 = Release|Any CPU
		{E81A745F-9DDE-4809-91EB-7824967BF026}.Release|iPhone.ActiveCfg = Release|Any CPU
		{E81A745F-9DDE-4809-91EB-7824967BF026}.Release|iPhone.Build.0 = Release|Any CPU
		{E81A745F-9DDE-4809-91EB-7824967BF026}.Release|iPhone.Deploy.0 = Release|Any CPU
		{E81A745F-9DDE-4809-91EB-7824967BF026}.Release|iPhoneSimulator.ActiveCfg = Release|Any CPU
		{E81A745F-9DDE-4809-91EB-7824967BF026}.Release|iPhoneSimulator.Build.0 = Release|Any CPU
		{E81A745F-9DDE-4809-91EB-7824967BF026}.Release|iPhoneSimulator.Deploy.0 = Release|Any CPU
		{E81A745F-9DDE-4809-91EB-7824967BF026}.Release|x64.ActiveCfg = Release|Any CPU
		{E81A745F-9DDE-4809-91EB-7824967BF026}.Release|x64.Build.0 = Release|Any CPU
		{E81A745F-9DDE-4809-91EB-7824967BF026}.Release|x64.Deploy.0 = Release|Any CPU
		{E81A745F-9DDE-4809-91EB-7824967BF026}.Release|x86.ActiveCfg = Release|Any CPU
		{E81A745F-9DDE-4809-91EB-7824967BF026}.Release|x86.Build.0 = Release|Any CPU
		{E81A745F-9DDE-4809-91EB-7824967BF026}.Release|x86.Deploy.0 = Release|Any CPU
		{C73282AE-CA9F-4460-B6C1-17B58846712B}.Debug|Any CPU.ActiveCfg = Debug|iPhone
		{C73282AE-CA9F-4460-B6C1-17B58846712B}.Debug|Any CPU.Build.0 = Debug|iPhone
		{C73282AE-CA9F-4460-B6C1-17B58846712B}.Debug|Any CPU.Deploy.0 = Debug|iPhone
		{C73282AE-CA9F-4460-B6C1-17B58846712B}.Debug|ARM.ActiveCfg = Debug|iPhoneSimulator
		{C73282AE-CA9F-4460-B6C1-17B58846712B}.Debug|ARM.Build.0 = Debug|iPhoneSimulator
		{C73282AE-CA9F-4460-B6C1-17B58846712B}.Debug|ARM.Deploy.0 = Debug|iPhoneSimulator
		{C73282AE-CA9F-4460-B6C1-17B58846712B}.Debug|iPhone.ActiveCfg = Debug|iPhone
		{C73282AE-CA9F-4460-B6C1-17B58846712B}.Debug|iPhone.Build.0 = Debug|iPhone
		{C73282AE-CA9F-4460-B6C1-17B58846712B}.Debug|iPhone.Deploy.0 = Debug|iPhone
		{C73282AE-CA9F-4460-B6C1-17B58846712B}.Debug|iPhoneSimulator.ActiveCfg = Debug|iPhoneSimulator
		{C73282AE-CA9F-4460-B6C1-17B58846712B}.Debug|iPhoneSimulator.Build.0 = Debug|iPhoneSimulator
		{C73282AE-CA9F-4460-B6C1-17B58846712B}.Debug|iPhoneSimulator.Deploy.0 = Debug|iPhoneSimulator
		{C73282AE-CA9F-4460-B6C1-17B58846712B}.Debug|x64.ActiveCfg = Debug|iPhone
		{C73282AE-CA9F-4460-B6C1-17B58846712B}.Debug|x64.Build.0 = Debug|iPhone
		{C73282AE-CA9F-4460-B6C1-17B58846712B}.Debug|x64.Deploy.0 = Debug|iPhone
		{C73282AE-CA9F-4460-B6C1-17B58846712B}.Debug|x86.ActiveCfg = Debug|iPhone
		{C73282AE-CA9F-4460-B6C1-17B58846712B}.Debug|x86.Build.0 = Debug|iPhone
		{C73282AE-CA9F-4460-B6C1-17B58846712B}.Debug|x86.Deploy.0 = Debug|iPhone
		{C73282AE-CA9F-4460-B6C1-17B58846712B}.Release|Any CPU.ActiveCfg = Release|iPhone
		{C73282AE-CA9F-4460-B6C1-17B58846712B}.Release|Any CPU.Build.0 = Release|iPhone
		{C73282AE-CA9F-4460-B6C1-17B58846712B}.Release|Any CPU.Deploy.0 = Release|iPhone
		{C73282AE-CA9F-4460-B6C1-17B58846712B}.Release|ARM.ActiveCfg = Release|iPhone
		{C73282AE-CA9F-4460-B6C1-17B58846712B}.Release|ARM.Build.0 = Release|iPhone
		{C73282AE-CA9F-4460-B6C1-17B58846712B}.Release|ARM.Deploy.0 = Release|iPhone
		{C73282AE-CA9F-4460-B6C1-17B58846712B}.Release|iPhone.ActiveCfg = Release|iPhone
		{C73282AE-CA9F-4460-B6C1-17B58846712B}.Release|iPhone.Build.0 = Release|iPhone
		{C73282AE-CA9F-4460-B6C1-17B58846712B}.Release|iPhone.Deploy.0 = Release|iPhone
		{C73282AE-CA9F-4460-B6C1-17B58846712B}.Release|iPhoneSimulator.ActiveCfg = Release|iPhoneSimulator
		{C73282AE-CA9F-4460-B6C1-17B58846712B}.Release|iPhoneSimulator.Build.0 = Release|iPhoneSimulator
		{C73282AE-CA9F-4460-B6C1-17B58846712B}.Release|iPhoneSimulator.Deploy.0 = Release|iPhoneSimulator
		{C73282AE-CA9F-4460-B6C1-17B58846712B}.Release|x64.ActiveCfg = Release|iPhone
		{C73282AE-CA9F-4460-B6C1-17B58846712B}.Release|x64.Build.0 = Release|iPhone
		{C73282AE-CA9F-4460-B6C1-17B58846712B}.Release|x64.Deploy.0 = Release|iPhone
		{C73282AE-CA9F-4460-B6C1-17B58846712B}.Release|x86.ActiveCfg = Release|iPhone
		{C73282AE-CA9F-4460-B6C1-17B58846712B}.Release|x86.Build.0 = Release|iPhone
		{C73282AE-CA9F-4460-B6C1-17B58846712B}.Release|x86.Deploy.0 = Release|iPhone
		{E246E56B-2DC4-42A5-9780-7F00F1EB898A}.Debug|Any CPU.ActiveCfg = Debug|Any CPU
		{E246E56B-2DC4-42A5-9780-7F00F1EB898A}.Debug|Any CPU.Build.0 = Debug|Any CPU
		{E246E56B-2DC4-42A5-9780-7F00F1EB898A}.Debug|Any CPU.Deploy.0 = Debug|Any CPU
		{E246E56B-2DC4-42A5-9780-7F00F1EB898A}.Debug|ARM.ActiveCfg = Debug|Any CPU
		{E246E56B-2DC4-42A5-9780-7F00F1EB898A}.Debug|ARM.Build.0 = Debug|Any CPU
		{E246E56B-2DC4-42A5-9780-7F00F1EB898A}.Debug|ARM.Deploy.0 = Debug|Any CPU
		{E246E56B-2DC4-42A5-9780-7F00F1EB898A}.Debug|iPhone.ActiveCfg = Debug|Any CPU
		{E246E56B-2DC4-42A5-9780-7F00F1EB898A}.Debug|iPhone.Build.0 = Debug|Any CPU
		{E246E56B-2DC4-42A5-9780-7F00F1EB898A}.Debug|iPhone.Deploy.0 = Debug|Any CPU
		{E246E56B-2DC4-42A5-9780-7F00F1EB898A}.Debug|iPhoneSimulator.ActiveCfg = Debug|Any CPU
		{E246E56B-2DC4-42A5-9780-7F00F1EB898A}.Debug|iPhoneSimulator.Build.0 = Debug|Any CPU
		{E246E56B-2DC4-42A5-9780-7F00F1EB898A}.Debug|iPhoneSimulator.Deploy.0 = Debug|Any CPU
		{E246E56B-2DC4-42A5-9780-7F00F1EB898A}.Debug|x64.ActiveCfg = Debug|Any CPU
		{E246E56B-2DC4-42A5-9780-7F00F1EB898A}.Debug|x64.Build.0 = Debug|Any CPU
		{E246E56B-2DC4-42A5-9780-7F00F1EB898A}.Debug|x64.Deploy.0 = Debug|Any CPU
		{E246E56B-2DC4-42A5-9780-7F00F1EB898A}.Debug|x86.ActiveCfg = Debug|Any CPU
		{E246E56B-2DC4-42A5-9780-7F00F1EB898A}.Debug|x86.Build.0 = Debug|Any CPU
		{E246E56B-2DC4-42A5-9780-7F00F1EB898A}.Debug|x86.Deploy.0 = Debug|Any CPU
		{E246E56B-2DC4-42A5-9780-7F00F1EB898A}.Release|Any CPU.ActiveCfg = Release|Any CPU
		{E246E56B-2DC4-42A5-9780-7F00F1EB898A}.Release|Any CPU.Build.0 = Release|Any CPU
		{E246E56B-2DC4-42A5-9780-7F00F1EB898A}.Release|Any CPU.Deploy.0 = Release|Any CPU
		{E246E56B-2DC4-42A5-9780-7F00F1EB898A}.Release|ARM.ActiveCfg = Release|Any CPU
		{E246E56B-2DC4-42A5-9780-7F00F1EB898A}.Release|ARM.Build.0 = Release|Any CPU
		{E246E56B-2DC4-42A5-9780-7F00F1EB898A}.Release|ARM.Deploy.0 = Release|Any CPU
		{E246E56B-2DC4-42A5-9780-7F00F1EB898A}.Release|iPhone.ActiveCfg = Release|Any CPU
		{E246E56B-2DC4-42A5-9780-7F00F1EB898A}.Release|iPhone.Build.0 = Release|Any CPU
		{E246E56B-2DC4-42A5-9780-7F00F1EB898A}.Release|iPhone.Deploy.0 = Release|Any CPU
		{E246E56B-2DC4-42A5-9780-7F00F1EB898A}.Release|iPhoneSimulator.ActiveCfg = Release|Any CPU
		{E246E56B-2DC4-42A5-9780-7F00F1EB898A}.Release|iPhoneSimulator.Build.0 = Release|Any CPU
		{E246E56B-2DC4-42A5-9780-7F00F1EB898A}.Release|iPhoneSimulator.Deploy.0 = Release|Any CPU
		{E246E56B-2DC4-42A5-9780-7F00F1EB898A}.Release|x64.ActiveCfg = Release|Any CPU
		{E246E56B-2DC4-42A5-9780-7F00F1EB898A}.Release|x64.Build.0 = Release|Any CPU
		{E246E56B-2DC4-42A5-9780-7F00F1EB898A}.Release|x64.Deploy.0 = Release|Any CPU
		{E246E56B-2DC4-42A5-9780-7F00F1EB898A}.Release|x86.ActiveCfg = Release|Any CPU
		{E246E56B-2DC4-42A5-9780-7F00F1EB898A}.Release|x86.Build.0 = Release|Any CPU
		{E246E56B-2DC4-42A5-9780-7F00F1EB898A}.Release|x86.Deploy.0 = Release|Any CPU
	EndGlobalSection
	GlobalSection(SolutionProperties) = preSolution
		HideSolutionNode = FALSE
	EndGlobalSection
	GlobalSection(ExtensibilityGlobals) = postSolution
		SolutionGuid = {D2A07821-5683-4AD4-8606-BDE10F2F014E}
	EndGlobalSection
EndGlobal
